
Microsoft Visual Studio Solution File, Format Version 12.00
# Visual Studio 2012
Project("{8BC9CEB8-8B4A-11D0-8D11-00A0C91BC942}") = "ASPUtils", "ASPUtils\ASPUtils.vcxproj", "{F6595912-4023-4E59-BB12-E13F61AB4B09}"
EndProject
Project("{8BC9CEB8-8B4A-11D0-8D11-00A0C91BC942}") = "ASPUtilsPS", "ASPUtils\ASPUtilsPS.vcxproj", "{80752670-5F88-4EFC-9716-98DDA2B512D7}"
EndProject
Project("{54435603-DBB4-11D2-8724-00A0C9A8B90C}") = "ASPUtilsSetup (x86)", "ASPUtilsSetup\ASPUtilsSetup.vdproj", "{D60E08B1-67B1-48AA-A588-CD1E9F87A5D2}"
EndProject
Project("{E24C65DC-7377-472B-9ABA-BC803B73C61A}") = "ASPUtilsTest", "http://localhost:2090", "{D8F27247-0366-44E2-8471-51E42426B34C}"
	ProjectSection(WebsiteProperties) = preProject
		UseIISExpress = "true"
		TargetFrameworkMoniker = ".NETFramework,Version%3Dv4.0"
		ProjectReferences = ""
		Debug.AspNetCompiler.VirtualPath = "/ASPUtilsTest"
		Debug.AspNetCompiler.PhysicalPath = "ASPUtilsTest\"
		Debug.AspNetCompiler.TargetPath = "PrecompiledWeb\ASPUtilsTest\"
		Debug.AspNetCompiler.Updateable = "true"
		Debug.AspNetCompiler.ForceOverwrite = "true"
		Debug.AspNetCompiler.FixedNames = "false"
		Debug.AspNetCompiler.Debug = "True"
		Release.AspNetCompiler.VirtualPath = "/ASPUtilsTest"
		Release.AspNetCompiler.PhysicalPath = "ASPUtilsTest\"
		Release.AspNetCompiler.TargetPath = "PrecompiledWeb\ASPUtilsTest\"
		Release.AspNetCompiler.Updateable = "true"
		Release.AspNetCompiler.ForceOverwrite = "true"
		Release.AspNetCompiler.FixedNames = "false"
		Release.AspNetCompiler.Debug = "False"
		SlnRelativePath = "ASPUtilsTest\"
	EndProjectSection
EndProject
Project("{54435603-DBB4-11D2-8724-00A0C9A8B90C}") = "ASPUtilsSetup (x64)", "ASPUtilsSetup (x64)\ASPUtilsSetup (x64).vdproj", "{112F3603-31F8-4518-8E8E-FE3ABE257E90}"
EndProject
Project("{FAE04EC0-301F-11D3-BF4B-00C04F79EFBC}") = "ASPUtils.DocHelper", "ASPUtils.DocHelper\ASPUtils.DocHelper.csproj", "{B363A468-1D04-43DC-AD92-4C2D9B51C1B9}"
EndProject
Project("{FAE04EC0-301F-11D3-BF4B-00C04F79EFBC}") = "ASPUtilsConsole", "ASPUtilsConsole\ASPUtilsConsole.csproj", "{23AD3134-099B-4C47-9FF1-992A42763A3E}"
EndProject
Global
	GlobalSection(SolutionConfigurationPlatforms) = preSolution
		Debug|Any CPU = Debug|Any CPU
		Debug|Mixed Platforms = Debug|Mixed Platforms
		Debug|Win32 = Debug|Win32
		Debug|x64 = Debug|x64
		Debug|x86 = Debug|x86
		Release MinDependency|Any CPU = Release MinDependency|Any CPU
		Release MinDependency|Mixed Platforms = Release MinDependency|Mixed Platforms
		Release MinDependency|Win32 = Release MinDependency|Win32
		Release MinDependency|x64 = Release MinDependency|x64
		Release MinDependency|x86 = Release MinDependency|x86
		Release MinSize|Any CPU = Release MinSize|Any CPU
		Release MinSize|Mixed Platforms = Release MinSize|Mixed Platforms
		Release MinSize|Win32 = Release MinSize|Win32
		Release MinSize|x64 = Release MinSize|x64
		Release MinSize|x86 = Release MinSize|x86
		Release|Any CPU = Release|Any CPU
		Release|Mixed Platforms = Release|Mixed Platforms
		Release|Win32 = Release|Win32
		Release|x64 = Release|x64
		Release|x86 = Release|x86
		Unicode Debug|Any CPU = Unicode Debug|Any CPU
		Unicode Debug|Mixed Platforms = Unicode Debug|Mixed Platforms
		Unicode Debug|Win32 = Unicode Debug|Win32
		Unicode Debug|x64 = Unicode Debug|x64
		Unicode Debug|x86 = Unicode Debug|x86
		Unicode Release MinDependency|Any CPU = Unicode Release MinDependency|Any CPU
		Unicode Release MinDependency|Mixed Platforms = Unicode Release MinDependency|Mixed Platforms
		Unicode Release MinDependency|Win32 = Unicode Release MinDependency|Win32
		Unicode Release MinDependency|x64 = Unicode Release MinDependency|x64
		Unicode Release MinDependency|x86 = Unicode Release MinDependency|x86
		Unicode Release MinSize|Any CPU = Unicode Release MinSize|Any CPU
		Unicode Release MinSize|Mixed Platforms = Unicode Release MinSize|Mixed Platforms
		Unicode Release MinSize|Win32 = Unicode Release MinSize|Win32
		Unicode Release MinSize|x64 = Unicode Release MinSize|x64
		Unicode Release MinSize|x86 = Unicode Release MinSize|x86
	EndGlobalSection
	GlobalSection(ProjectConfigurationPlatforms) = postSolution
		{F6595912-4023-4E59-BB12-E13F61AB4B09}.Debug|Any CPU.ActiveCfg = Debug|Win32
		{F6595912-4023-4E59-BB12-E13F61AB4B09}.Debug|Mixed Platforms.ActiveCfg = Debug|Win32
		{F6595912-4023-4E59-BB12-E13F61AB4B09}.Debug|Mixed Platforms.Build.0 = Debug|Win32
		{F6595912-4023-4E59-BB12-E13F61AB4B09}.Debug|Win32.ActiveCfg = Debug|Win32
		{F6595912-4023-4E59-BB12-E13F61AB4B09}.Debug|Win32.Build.0 = Debug|Win32
		{F6595912-4023-4E59-BB12-E13F61AB4B09}.Debug|x64.ActiveCfg = Debug|x64
		{F6595912-4023-4E59-BB12-E13F61AB4B09}.Debug|x64.Build.0 = Debug|x64
		{F6595912-4023-4E59-BB12-E13F61AB4B09}.Debug|x86.ActiveCfg = Debug|Win32
		{F6595912-4023-4E59-BB12-E13F61AB4B09}.Release MinDependency|Any CPU.ActiveCfg = Release|Win32
		{F6595912-4023-4E59-BB12-E13F61AB4B09}.Release MinDependency|Mixed Platforms.ActiveCfg = Release|Win32
		{F6595912-4023-4E59-BB12-E13F61AB4B09}.Release MinDependency|Mixed Platforms.Build.0 = Release|Win32
		{F6595912-4023-4E59-BB12-E13F61AB4B09}.Release MinDependency|Win32.ActiveCfg = Release|Win32
		{F6595912-4023-4E59-BB12-E13F61AB4B09}.Release MinDependency|Win32.Build.0 = Release|Win32
		{F6595912-4023-4E59-BB12-E13F61AB4B09}.Release MinDependency|x64.ActiveCfg = Release|x64
		{F6595912-4023-4E59-BB12-E13F61AB4B09}.Release MinDependency|x64.Build.0 = Release|x64
		{F6595912-4023-4E59-BB12-E13F61AB4B09}.Release MinDependency|x86.ActiveCfg = Release|Win32
		{F6595912-4023-4E59-BB12-E13F61AB4B09}.Release MinSize|Any CPU.ActiveCfg = Release|Win32
		{F6595912-4023-4E59-BB12-E13F61AB4B09}.Release MinSize|Mixed Platforms.ActiveCfg = Release|Win32
		{F6595912-4023-4E59-BB12-E13F61AB4B09}.Release MinSize|Mixed Platforms.Build.0 = Release|Win32
		{F6595912-4023-4E59-BB12-E13F61AB4B09}.Release MinSize|Win32.ActiveCfg = Release|Win32
		{F6595912-4023-4E59-BB12-E13F61AB4B09}.Release MinSize|Win32.Build.0 = Release|Win32
		{F6595912-4023-4E59-BB12-E13F61AB4B09}.Release MinSize|x64.ActiveCfg = Release|x64
		{F6595912-4023-4E59-BB12-E13F61AB4B09}.Release MinSize|x64.Build.0 = Release|x64
		{F6595912-4023-4E59-BB12-E13F61AB4B09}.Release MinSize|x86.ActiveCfg = Release|Win32
		{F6595912-4023-4E59-BB12-E13F61AB4B09}.Release|Any CPU.ActiveCfg = Release|Win32
		{F6595912-4023-4E59-BB12-E13F61AB4B09}.Release|Mixed Platforms.ActiveCfg = Release|Win32
		{F6595912-4023-4E59-BB12-E13F61AB4B09}.Release|Mixed Platforms.Build.0 = Release|Win32
		{F6595912-4023-4E59-BB12-E13F61AB4B09}.Release|Win32.ActiveCfg = Release|Win32
		{F6595912-4023-4E59-BB12-E13F61AB4B09}.Release|Win32.Build.0 = Release|Win32
		{F6595912-4023-4E59-BB12-E13F61AB4B09}.Release|x64.ActiveCfg = Release|x64
		{F6595912-4023-4E59-BB12-E13F61AB4B09}.Release|x64.Build.0 = Release|x64
		{F6595912-4023-4E59-BB12-E13F61AB4B09}.Release|x86.ActiveCfg = Release|Win32
		{F6595912-4023-4E59-BB12-E13F61AB4B09}.Unicode Debug|Any CPU.ActiveCfg = Debug|Win32
		{F6595912-4023-4E59-BB12-E13F61AB4B09}.Unicode Debug|Mixed Platforms.ActiveCfg = Debug|Win32
		{F6595912-4023-4E59-BB12-E13F61AB4B09}.Unicode Debug|Mixed Platforms.Build.0 = Debug|Win32
		{F6595912-4023-4E59-BB12-E13F61AB4B09}.Unicode Debug|Win32.ActiveCfg = Debug|Win32
		{F6595912-4023-4E59-BB12-E13F61AB4B09}.Unicode Debug|Win32.Build.0 = Debug|Win32
		{F6595912-4023-4E59-BB12-E13F61AB4B09}.Unicode Debug|x64.ActiveCfg = Debug|x64
		{F6595912-4023-4E59-BB12-E13F61AB4B09}.Unicode Debug|x64.Build.0 = Debug|x64
		{F6595912-4023-4E59-BB12-E13F61AB4B09}.Unicode Debug|x86.ActiveCfg = Debug|Win32
		{F6595912-4023-4E59-BB12-E13F61AB4B09}.Unicode Release MinDependency|Any CPU.ActiveCfg = Release|Win32
		{F6595912-4023-4E59-BB12-E13F61AB4B09}.Unicode Release MinDependency|Mixed Platforms.ActiveCfg = Release|Win32
		{F6595912-4023-4E59-BB12-E13F61AB4B09}.Unicode Release MinDependency|Mixed Platforms.Build.0 = Release|Win32
		{F6595912-4023-4E59-BB12-E13F61AB4B09}.Unicode Release MinDependency|Win32.ActiveCfg = Release|Win32
		{F6595912-4023-4E59-BB12-E13F61AB4B09}.Unicode Release MinDependency|Win32.Build.0 = Release|Win32
		{F6595912-4023-4E59-BB12-E13F61AB4B09}.Unicode Release MinDependency|x64.ActiveCfg = Release|x64
		{F6595912-4023-4E59-BB12-E13F61AB4B09}.Unicode Release MinDependency|x64.Build.0 = Release|x64
		{F6595912-4023-4E59-BB12-E13F61AB4B09}.Unicode Release MinDependency|x86.ActiveCfg = Release|Win32
		{F6595912-4023-4E59-BB12-E13F61AB4B09}.Unicode Release MinSize|Any CPU.ActiveCfg = Release|Win32
		{F6595912-4023-4E59-BB12-E13F61AB4B09}.Unicode Release MinSize|Mixed Platforms.ActiveCfg = Release|Win32
		{F6595912-4023-4E59-BB12-E13F61AB4B09}.Unicode Release MinSize|Mixed Platforms.Build.0 = Release|Win32
		{F6595912-4023-4E59-BB12-E13F61AB4B09}.Unicode Release MinSize|Win32.ActiveCfg = Release|Win32
		{F6595912-4023-4E59-BB12-E13F61AB4B09}.Unicode Release MinSize|Win32.Build.0 = Release|Win32
		{F6595912-4023-4E59-BB12-E13F61AB4B09}.Unicode Release MinSize|x64.ActiveCfg = Release|x64
		{F6595912-4023-4E59-BB12-E13F61AB4B09}.Unicode Release MinSize|x64.Build.0 = Release|x64
		{F6595912-4023-4E59-BB12-E13F61AB4B09}.Unicode Release MinSize|x86.ActiveCfg = Release|Win32
		{80752670-5F88-4EFC-9716-98DDA2B512D7}.Debug|Any CPU.ActiveCfg = Debug|Win32
		{80752670-5F88-4EFC-9716-98DDA2B512D7}.Debug|Mixed Platforms.ActiveCfg = Debug|Win32
		{80752670-5F88-4EFC-9716-98DDA2B512D7}.Debug|Mixed Platforms.Build.0 = Debug|Win32
		{80752670-5F88-4EFC-9716-98DDA2B512D7}.Debug|Win32.ActiveCfg = Debug|Win32
		{80752670-5F88-4EFC-9716-98DDA2B512D7}.Debug|Win32.Build.0 = Debug|Win32
		{80752670-5F88-4EFC-9716-98DDA2B512D7}.Debug|x64.ActiveCfg = Debug|x64
		{80752670-5F88-4EFC-9716-98DDA2B512D7}.Debug|x64.Build.0 = Debug|x64
		{80752670-5F88-4EFC-9716-98DDA2B512D7}.Debug|x86.ActiveCfg = Debug|Win32
		{80752670-5F88-4EFC-9716-98DDA2B512D7}.Release MinDependency|Any CPU.ActiveCfg = Release|Win32
		{80752670-5F88-4EFC-9716-98DDA2B512D7}.Release MinDependency|Mixed Platforms.ActiveCfg = Release|Win32
		{80752670-5F88-4EFC-9716-98DDA2B512D7}.Release MinDependency|Mixed Platforms.Build.0 = Release|Win32
		{80752670-5F88-4EFC-9716-98DDA2B512D7}.Release MinDependency|Win32.ActiveCfg = Release|Win32
		{80752670-5F88-4EFC-9716-98DDA2B512D7}.Release MinDependency|Win32.Build.0 = Release|Win32
		{80752670-5F88-4EFC-9716-98DDA2B512D7}.Release MinDependency|x64.ActiveCfg = Release|x64
		{80752670-5F88-4EFC-9716-98DDA2B512D7}.Release MinDependency|x64.Build.0 = Release|x64
		{80752670-5F88-4EFC-9716-98DDA2B512D7}.Release MinDependency|x86.ActiveCfg = Release|Win32
		{80752670-5F88-4EFC-9716-98DDA2B512D7}.Release MinSize|Any CPU.ActiveCfg = Release|Win32
		{80752670-5F88-4EFC-9716-98DDA2B512D7}.Release MinSize|Mixed Platforms.ActiveCfg = Release|Win32
		{80752670-5F88-4EFC-9716-98DDA2B512D7}.Release MinSize|Mixed Platforms.Build.0 = Release|Win32
		{80752670-5F88-4EFC-9716-98DDA2B512D7}.Release MinSize|Win32.ActiveCfg = Release|Win32
		{80752670-5F88-4EFC-9716-98DDA2B512D7}.Release MinSize|Win32.Build.0 = Release|Win32
		{80752670-5F88-4EFC-9716-98DDA2B512D7}.Release MinSize|x64.ActiveCfg = Release|x64
		{80752670-5F88-4EFC-9716-98DDA2B512D7}.Release MinSize|x64.Build.0 = Release|x64
		{80752670-5F88-4EFC-9716-98DDA2B512D7}.Release MinSize|x86.ActiveCfg = Release|Win32
		{80752670-5F88-4EFC-9716-98DDA2B512D7}.Release|Any CPU.ActiveCfg = Release|Win32
		{80752670-5F88-4EFC-9716-98DDA2B512D7}.Release|Mixed Platforms.ActiveCfg = Release|Win32
		{80752670-5F88-4EFC-9716-98DDA2B512D7}.Release|Mixed Platforms.Build.0 = Release|Win32
		{80752670-5F88-4EFC-9716-98DDA2B512D7}.Release|Win32.ActiveCfg = Release|Win32
		{80752670-5F88-4EFC-9716-98DDA2B512D7}.Release|Win32.Build.0 = Release|Win32
		{80752670-5F88-4EFC-9716-98DDA2B512D7}.Release|x64.ActiveCfg = Release|x64
		{80752670-5F88-4EFC-9716-98DDA2B512D7}.Release|x64.Build.0 = Release|x64
		{80752670-5F88-4EFC-9716-98DDA2B512D7}.Release|x86.ActiveCfg = Release|Win32
		{80752670-5F88-4EFC-9716-98DDA2B512D7}.Unicode Debug|Any CPU.ActiveCfg = Debug|Win32
		{80752670-5F88-4EFC-9716-98DDA2B512D7}.Unicode Debug|Mixed Platforms.ActiveCfg = Debug|Win32
		{80752670-5F88-4EFC-9716-98DDA2B512D7}.Unicode Debug|Mixed Platforms.Build.0 = Debug|Win32
		{80752670-5F88-4EFC-9716-98DDA2B512D7}.Unicode Debug|Win32.ActiveCfg = Debug|Win32
		{80752670-5F88-4EFC-9716-98DDA2B512D7}.Unicode Debug|Win32.Build.0 = Debug|Win32
		{80752670-5F88-4EFC-9716-98DDA2B512D7}.Unicode Debug|x64.ActiveCfg = Debug|x64
		{80752670-5F88-4EFC-9716-98DDA2B512D7}.Unicode Debug|x64.Build.0 = Debug|x64
		{80752670-5F88-4EFC-9716-98DDA2B512D7}.Unicode Debug|x86.ActiveCfg = Debug|Win32
		{80752670-5F88-4EFC-9716-98DDA2B512D7}.Unicode Release MinDependency|Any CPU.ActiveCfg = Release|Win32
		{80752670-5F88-4EFC-9716-98DDA2B512D7}.Unicode Release MinDependency|Mixed Platforms.ActiveCfg = Release|Win32
		{80752670-5F88-4EFC-9716-98DDA2B512D7}.Unicode Release MinDependency|Mixed Platforms.Build.0 = Release|Win32
		{80752670-5F88-4EFC-9716-98DDA2B512D7}.Unicode Release MinDependency|Win32.ActiveCfg = Release|Win32
		{80752670-5F88-4EFC-9716-98DDA2B512D7}.Unicode Release MinDependency|Win32.Build.0 = Release|Win32
		{80752670-5F88-4EFC-9716-98DDA2B512D7}.Unicode Release MinDependency|x64.ActiveCfg = Release|x64
		{80752670-5F88-4EFC-9716-98DDA2B512D7}.Unicode Release MinDependency|x64.Build.0 = Release|x64
		{80752670-5F88-4EFC-9716-98DDA2B512D7}.Unicode Release MinDependency|x86.ActiveCfg = Release|Win32
		{80752670-5F88-4EFC-9716-98DDA2B512D7}.Unicode Release MinSize|Any CPU.ActiveCfg = Release|Win32
		{80752670-5F88-4EFC-9716-98DDA2B512D7}.Unicode Release MinSize|Mixed Platforms.ActiveCfg = Release|Win32
		{80752670-5F88-4EFC-9716-98DDA2B512D7}.Unicode Release MinSize|Mixed Platforms.Build.0 = Release|Win32
		{80752670-5F88-4EFC-9716-98DDA2B512D7}.Unicode Release MinSize|Win32.ActiveCfg = Release|Win32
		{80752670-5F88-4EFC-9716-98DDA2B512D7}.Unicode Release MinSize|Win32.Build.0 = Release|Win32
		{80752670-5F88-4EFC-9716-98DDA2B512D7}.Unicode Release MinSize|x64.ActiveCfg = Release|x64
		{80752670-5F88-4EFC-9716-98DDA2B512D7}.Unicode Release MinSize|x64.Build.0 = Release|x64
		{80752670-5F88-4EFC-9716-98DDA2B512D7}.Unicode Release MinSize|x86.ActiveCfg = Release|Win32
		{D60E08B1-67B1-48AA-A588-CD1E9F87A5D2}.Debug|Any CPU.ActiveCfg = Debug
		{D60E08B1-67B1-48AA-A588-CD1E9F87A5D2}.Debug|Any CPU.Build.0 = Debug
		{D60E08B1-67B1-48AA-A588-CD1E9F87A5D2}.Debug|Mixed Platforms.ActiveCfg = Debug
		{D60E08B1-67B1-48AA-A588-CD1E9F87A5D2}.Debug|Mixed Platforms.Build.0 = Debug
		{D60E08B1-67B1-48AA-A588-CD1E9F87A5D2}.Debug|Win32.ActiveCfg = Debug
		{D60E08B1-67B1-48AA-A588-CD1E9F87A5D2}.Debug|Win32.Build.0 = Debug
		{D60E08B1-67B1-48AA-A588-CD1E9F87A5D2}.Debug|x64.ActiveCfg = Debug
		{D60E08B1-67B1-48AA-A588-CD1E9F87A5D2}.Debug|x64.Build.0 = Debug
		{D60E08B1-67B1-48AA-A588-CD1E9F87A5D2}.Debug|x86.ActiveCfg = Debug
		{D60E08B1-67B1-48AA-A588-CD1E9F87A5D2}.Debug|x86.Build.0 = Debug
		{D60E08B1-67B1-48AA-A588-CD1E9F87A5D2}.Release MinDependency|Any CPU.ActiveCfg = Release
		{D60E08B1-67B1-48AA-A588-CD1E9F87A5D2}.Release MinDependency|Any CPU.Build.0 = Release
		{D60E08B1-67B1-48AA-A588-CD1E9F87A5D2}.Release MinDependency|Mixed Platforms.ActiveCfg = Release
		{D60E08B1-67B1-48AA-A588-CD1E9F87A5D2}.Release MinDependency|Mixed Platforms.Build.0 = Release
		{D60E08B1-67B1-48AA-A588-CD1E9F87A5D2}.Release MinDependency|Win32.ActiveCfg = Release
		{D60E08B1-67B1-48AA-A588-CD1E9F87A5D2}.Release MinDependency|Win32.Build.0 = Release
		{D60E08B1-67B1-48AA-A588-CD1E9F87A5D2}.Release MinDependency|x64.ActiveCfg = Release
		{D60E08B1-67B1-48AA-A588-CD1E9F87A5D2}.Release MinDependency|x64.Build.0 = Release
		{D60E08B1-67B1-48AA-A588-CD1E9F87A5D2}.Release MinDependency|x86.ActiveCfg = Release
		{D60E08B1-67B1-48AA-A588-CD1E9F87A5D2}.Release MinDependency|x86.Build.0 = Release
		{D60E08B1-67B1-48AA-A588-CD1E9F87A5D2}.Release MinSize|Any CPU.ActiveCfg = Release
		{D60E08B1-67B1-48AA-A588-CD1E9F87A5D2}.Release MinSize|Any CPU.Build.0 = Release
		{D60E08B1-67B1-48AA-A588-CD1E9F87A5D2}.Release MinSize|Mixed Platforms.ActiveCfg = Release
		{D60E08B1-67B1-48AA-A588-CD1E9F87A5D2}.Release MinSize|Mixed Platforms.Build.0 = Release
		{D60E08B1-67B1-48AA-A588-CD1E9F87A5D2}.Release MinSize|Win32.ActiveCfg = Release
		{D60E08B1-67B1-48AA-A588-CD1E9F87A5D2}.Release MinSize|Win32.Build.0 = Release
		{D60E08B1-67B1-48AA-A588-CD1E9F87A5D2}.Release MinSize|x64.ActiveCfg = Release
		{D60E08B1-67B1-48AA-A588-CD1E9F87A5D2}.Release MinSize|x64.Build.0 = Release
		{D60E08B1-67B1-48AA-A588-CD1E9F87A5D2}.Release MinSize|x86.ActiveCfg = Release
		{D60E08B1-67B1-48AA-A588-CD1E9F87A5D2}.Release MinSize|x86.Build.0 = Release
		{D60E08B1-67B1-48AA-A588-CD1E9F87A5D2}.Release|Any CPU.ActiveCfg = Release
		{D60E08B1-67B1-48AA-A588-CD1E9F87A5D2}.Release|Any CPU.Build.0 = Release
		{D60E08B1-67B1-48AA-A588-CD1E9F87A5D2}.Release|Mixed Platforms.ActiveCfg = Release
		{D60E08B1-67B1-48AA-A588-CD1E9F87A5D2}.Release|Mixed Platforms.Build.0 = Release
		{D60E08B1-67B1-48AA-A588-CD1E9F87A5D2}.Release|Win32.ActiveCfg = Release
		{D60E08B1-67B1-48AA-A588-CD1E9F87A5D2}.Release|Win32.Build.0 = Release
		{D60E08B1-67B1-48AA-A588-CD1E9F87A5D2}.Release|x64.ActiveCfg = Release
		{D60E08B1-67B1-48AA-A588-CD1E9F87A5D2}.Release|x64.Build.0 = Release
		{D60E08B1-67B1-48AA-A588-CD1E9F87A5D2}.Release|x86.ActiveCfg = Release
		{D60E08B1-67B1-48AA-A588-CD1E9F87A5D2}.Release|x86.Build.0 = Release
		{D60E08B1-67B1-48AA-A588-CD1E9F87A5D2}.Unicode Debug|Any CPU.ActiveCfg = Debug
		{D60E08B1-67B1-48AA-A588-CD1E9F87A5D2}.Unicode Debug|Any CPU.Build.0 = Debug
		{D60E08B1-67B1-48AA-A588-CD1E9F87A5D2}.Unicode Debug|Mixed Platforms.ActiveCfg = Debug
		{D60E08B1-67B1-48AA-A588-CD1E9F87A5D2}.Unicode Debug|Mixed Platforms.Build.0 = Debug
		{D60E08B1-67B1-48AA-A588-CD1E9F87A5D2}.Unicode Debug|Win32.ActiveCfg = Debug
		{D60E08B1-67B1-48AA-A588-CD1E9F87A5D2}.Unicode Debug|Win32.Build.0 = Debug
		{D60E08B1-67B1-48AA-A588-CD1E9F87A5D2}.Unicode Debug|x64.ActiveCfg = Debug
		{D60E08B1-67B1-48AA-A588-CD1E9F87A5D2}.Unicode Debug|x64.Build.0 = Debug
		{D60E08B1-67B1-48AA-A588-CD1E9F87A5D2}.Unicode Debug|x86.ActiveCfg = Debug
		{D60E08B1-67B1-48AA-A588-CD1E9F87A5D2}.Unicode Debug|x86.Build.0 = Debug
		{D60E08B1-67B1-48AA-A588-CD1E9F87A5D2}.Unicode Release MinDependency|Any CPU.ActiveCfg = Release
		{D60E08B1-67B1-48AA-A588-CD1E9F87A5D2}.Unicode Release MinDependency|Any CPU.Build.0 = Release
		{D60E08B1-67B1-48AA-A588-CD1E9F87A5D2}.Unicode Release MinDependency|Mixed Platforms.ActiveCfg = Release
		{D60E08B1-67B1-48AA-A588-CD1E9F87A5D2}.Unicode Release MinDependency|Mixed Platforms.Build.0 = Release
		{D60E08B1-67B1-48AA-A588-CD1E9F87A5D2}.Unicode Release MinDependency|Win32.ActiveCfg = Release
		{D60E08B1-67B1-48AA-A588-CD1E9F87A5D2}.Unicode Release MinDependency|Win32.Build.0 = Release
		{D60E08B1-67B1-48AA-A588-CD1E9F87A5D2}.Unicode Release MinDependency|x64.ActiveCfg = Release
		{D60E08B1-67B1-48AA-A588-CD1E9F87A5D2}.Unicode Release MinDependency|x64.Build.0 = Release
		{D60E08B1-67B1-48AA-A588-CD1E9F87A5D2}.Unicode Release MinDependency|x86.ActiveCfg = Release
		{D60E08B1-67B1-48AA-A588-CD1E9F87A5D2}.Unicode Release MinDependency|x86.Build.0 = Release
		{D60E08B1-67B1-48AA-A588-CD1E9F87A5D2}.Unicode Release MinSize|Any CPU.ActiveCfg = Release
		{D60E08B1-67B1-48AA-A588-CD1E9F87A5D2}.Unicode Release MinSize|Any CPU.Build.0 = Release
		{D60E08B1-67B1-48AA-A588-CD1E9F87A5D2}.Unicode Release MinSize|Mixed Platforms.ActiveCfg = Release
		{D60E08B1-67B1-48AA-A588-CD1E9F87A5D2}.Unicode Release MinSize|Mixed Platforms.Build.0 = Release
		{D60E08B1-67B1-48AA-A588-CD1E9F87A5D2}.Unicode Release MinSize|Win32.ActiveCfg = Release
		{D60E08B1-67B1-48AA-A588-CD1E9F87A5D2}.Unicode Release MinSize|Win32.Build.0 = Release
		{D60E08B1-67B1-48AA-A588-CD1E9F87A5D2}.Unicode Release MinSize|x64.ActiveCfg = Release
		{D60E08B1-67B1-48AA-A588-CD1E9F87A5D2}.Unicode Release MinSize|x64.Build.0 = Release
		{D60E08B1-67B1-48AA-A588-CD1E9F87A5D2}.Unicode Release MinSize|x86.ActiveCfg = Release
		{D60E08B1-67B1-48AA-A588-CD1E9F87A5D2}.Unicode Release MinSize|x86.Build.0 = Release
		{D8F27247-0366-44E2-8471-51E42426B34C}.Debug|Any CPU.ActiveCfg = Debug|Any CPU
		{D8F27247-0366-44E2-8471-51E42426B34C}.Debug|Any CPU.Build.0 = Debug|Any CPU
		{D8F27247-0366-44E2-8471-51E42426B34C}.Debug|Mixed Platforms.ActiveCfg = Debug|Any CPU
		{D8F27247-0366-44E2-8471-51E42426B34C}.Debug|Mixed Platforms.Build.0 = Debug|Any CPU
		{D8F27247-0366-44E2-8471-51E42426B34C}.Debug|Win32.ActiveCfg = Debug|Any CPU
		{D8F27247-0366-44E2-8471-51E42426B34C}.Debug|x64.ActiveCfg = Debug|Any CPU
		{D8F27247-0366-44E2-8471-51E42426B34C}.Debug|x86.ActiveCfg = Debug|Any CPU
		{D8F27247-0366-44E2-8471-51E42426B34C}.Release MinDependency|Any CPU.ActiveCfg = Debug|Any CPU
		{D8F27247-0366-44E2-8471-51E42426B34C}.Release MinDependency|Any CPU.Build.0 = Debug|Any CPU
		{D8F27247-0366-44E2-8471-51E42426B34C}.Release MinDependency|Mixed Platforms.ActiveCfg = Debug|Any CPU
		{D8F27247-0366-44E2-8471-51E42426B34C}.Release MinDependency|Mixed Platforms.Build.0 = Debug|Any CPU
		{D8F27247-0366-44E2-8471-51E42426B34C}.Release MinDependency|Win32.ActiveCfg = Debug|Any CPU
		{D8F27247-0366-44E2-8471-51E42426B34C}.Release MinDependency|x64.ActiveCfg = Debug|Any CPU
		{D8F27247-0366-44E2-8471-51E42426B34C}.Release MinDependency|x86.ActiveCfg = Debug|Any CPU
		{D8F27247-0366-44E2-8471-51E42426B34C}.Release MinSize|Any CPU.ActiveCfg = Debug|Any CPU
		{D8F27247-0366-44E2-8471-51E42426B34C}.Release MinSize|Any CPU.Build.0 = Debug|Any CPU
		{D8F27247-0366-44E2-8471-51E42426B34C}.Release MinSize|Mixed Platforms.ActiveCfg = Debug|Any CPU
		{D8F27247-0366-44E2-8471-51E42426B34C}.Release MinSize|Mixed Platforms.Build.0 = Debug|Any CPU
		{D8F27247-0366-44E2-8471-51E42426B34C}.Release MinSize|Win32.ActiveCfg = Debug|Any CPU
		{D8F27247-0366-44E2-8471-51E42426B34C}.Release MinSize|x64.ActiveCfg = Debug|Any CPU
		{D8F27247-0366-44E2-8471-51E42426B34C}.Release MinSize|x86.ActiveCfg = Debug|Any CPU
		{D8F27247-0366-44E2-8471-51E42426B34C}.Release|Any CPU.ActiveCfg = Debug|Any CPU
		{D8F27247-0366-44E2-8471-51E42426B34C}.Release|Any CPU.Build.0 = Debug|Any CPU
		{D8F27247-0366-44E2-8471-51E42426B34C}.Release|Mixed Platforms.ActiveCfg = Debug|Any CPU
		{D8F27247-0366-44E2-8471-51E42426B34C}.Release|Mixed Platforms.Build.0 = Debug|Any CPU
		{D8F27247-0366-44E2-8471-51E42426B34C}.Release|Win32.ActiveCfg = Debug|Any CPU
		{D8F27247-0366-44E2-8471-51E42426B34C}.Release|x64.ActiveCfg = Debug|Any CPU
		{D8F27247-0366-44E2-8471-51E42426B34C}.Release|x86.ActiveCfg = Debug|Any CPU
		{D8F27247-0366-44E2-8471-51E42426B34C}.Unicode Debug|Any CPU.ActiveCfg = Debug|Any CPU
		{D8F27247-0366-44E2-8471-51E42426B34C}.Unicode Debug|Any CPU.Build.0 = Debug|Any CPU
		{D8F27247-0366-44E2-8471-51E42426B34C}.Unicode Debug|Mixed Platforms.ActiveCfg = Debug|Any CPU
		{D8F27247-0366-44E2-8471-51E42426B34C}.Unicode Debug|Mixed Platforms.Build.0 = Debug|Any CPU
		{D8F27247-0366-44E2-8471-51E42426B34C}.Unicode Debug|Win32.ActiveCfg = Debug|Any CPU
		{D8F27247-0366-44E2-8471-51E42426B34C}.Unicode Debug|x64.ActiveCfg = Debug|Any CPU
		{D8F27247-0366-44E2-8471-51E42426B34C}.Unicode Debug|x86.ActiveCfg = Debug|Any CPU
		{D8F27247-0366-44E2-8471-51E42426B34C}.Unicode Release MinDependency|Any CPU.ActiveCfg = Debug|Any CPU
		{D8F27247-0366-44E2-8471-51E42426B34C}.Unicode Release MinDependency|Any CPU.Build.0 = Debug|Any CPU
		{D8F27247-0366-44E2-8471-51E42426B34C}.Unicode Release MinDependency|Mixed Platforms.ActiveCfg = Debug|Any CPU
		{D8F27247-0366-44E2-8471-51E42426B34C}.Unicode Release MinDependency|Mixed Platforms.Build.0 = Debug|Any CPU
		{D8F27247-0366-44E2-8471-51E42426B34C}.Unicode Release MinDependency|Win32.ActiveCfg = Debug|Any CPU
		{D8F27247-0366-44E2-8471-51E42426B34C}.Unicode Release MinDependency|x64.ActiveCfg = Debug|Any CPU
		{D8F27247-0366-44E2-8471-51E42426B34C}.Unicode Release MinDependency|x86.ActiveCfg = Debug|Any CPU
		{D8F27247-0366-44E2-8471-51E42426B34C}.Unicode Release MinSize|Any CPU.ActiveCfg = Debug|Any CPU
		{D8F27247-0366-44E2-8471-51E42426B34C}.Unicode Release MinSize|Any CPU.Build.0 = Debug|Any CPU
		{D8F27247-0366-44E2-8471-51E42426B34C}.Unicode Release MinSize|Mixed Platforms.ActiveCfg = Debug|Any CPU
		{D8F27247-0366-44E2-8471-51E42426B34C}.Unicode Release MinSize|Mixed Platforms.Build.0 = Debug|Any CPU
		{D8F27247-0366-44E2-8471-51E42426B34C}.Unicode Release MinSize|Win32.ActiveCfg = Debug|Any CPU
		{D8F27247-0366-44E2-8471-51E42426B34C}.Unicode Release MinSize|x64.ActiveCfg = Debug|Any CPU
		{D8F27247-0366-44E2-8471-51E42426B34C}.Unicode Release MinSize|x86.ActiveCfg = Debug|Any CPU
		{112F3603-31F8-4518-8E8E-FE3ABE257E90}.Debug|Any CPU.ActiveCfg = Debug
		{112F3603-31F8-4518-8E8E-FE3ABE257E90}.Debug|Any CPU.Build.0 = Debug
		{112F3603-31F8-4518-8E8E-FE3ABE257E90}.Debug|Mixed Platforms.ActiveCfg = Debug
		{112F3603-31F8-4518-8E8E-FE3ABE257E90}.Debug|Mixed Platforms.Build.0 = Debug
		{112F3603-31F8-4518-8E8E-FE3ABE257E90}.Debug|Win32.ActiveCfg = Debug
		{112F3603-31F8-4518-8E8E-FE3ABE257E90}.Debug|Win32.Build.0 = Debug
		{112F3603-31F8-4518-8E8E-FE3ABE257E90}.Debug|x64.ActiveCfg = Debug
		{112F3603-31F8-4518-8E8E-FE3ABE257E90}.Debug|x64.Build.0 = Debug
		{112F3603-31F8-4518-8E8E-FE3ABE257E90}.Debug|x86.ActiveCfg = Debug
		{112F3603-31F8-4518-8E8E-FE3ABE257E90}.Debug|x86.Build.0 = Debug
		{112F3603-31F8-4518-8E8E-FE3ABE257E90}.Release MinDependency|Any CPU.ActiveCfg = Release
		{112F3603-31F8-4518-8E8E-FE3ABE257E90}.Release MinDependency|Any CPU.Build.0 = Release
		{112F3603-31F8-4518-8E8E-FE3ABE257E90}.Release MinDependency|Mixed Platforms.ActiveCfg = Release
		{112F3603-31F8-4518-8E8E-FE3ABE257E90}.Release MinDependency|Mixed Platforms.Build.0 = Release
		{112F3603-31F8-4518-8E8E-FE3ABE257E90}.Release MinDependency|Win32.ActiveCfg = Release
		{112F3603-31F8-4518-8E8E-FE3ABE257E90}.Release MinDependency|Win32.Build.0 = Release
		{112F3603-31F8-4518-8E8E-FE3ABE257E90}.Release MinDependency|x64.ActiveCfg = Release
		{112F3603-31F8-4518-8E8E-FE3ABE257E90}.Release MinDependency|x64.Build.0 = Release
		{112F3603-31F8-4518-8E8E-FE3ABE257E90}.Release MinDependency|x86.ActiveCfg = Release
		{112F3603-31F8-4518-8E8E-FE3ABE257E90}.Release MinDependency|x86.Build.0 = Release
		{112F3603-31F8-4518-8E8E-FE3ABE257E90}.Release MinSize|Any CPU.ActiveCfg = Release
		{112F3603-31F8-4518-8E8E-FE3ABE257E90}.Release MinSize|Any CPU.Build.0 = Release
		{112F3603-31F8-4518-8E8E-FE3ABE257E90}.Release MinSize|Mixed Platforms.ActiveCfg = Release
		{112F3603-31F8-4518-8E8E-FE3ABE257E90}.Release MinSize|Mixed Platforms.Build.0 = Release
		{112F3603-31F8-4518-8E8E-FE3ABE257E90}.Release MinSize|Win32.ActiveCfg = Release
		{112F3603-31F8-4518-8E8E-FE3ABE257E90}.Release MinSize|Win32.Build.0 = Release
		{112F3603-31F8-4518-8E8E-FE3ABE257E90}.Release MinSize|x64.ActiveCfg = Release
		{112F3603-31F8-4518-8E8E-FE3ABE257E90}.Release MinSize|x64.Build.0 = Release
		{112F3603-31F8-4518-8E8E-FE3ABE257E90}.Release MinSize|x86.ActiveCfg = Release
		{112F3603-31F8-4518-8E8E-FE3ABE257E90}.Release MinSize|x86.Build.0 = Release
		{112F3603-31F8-4518-8E8E-FE3ABE257E90}.Release|Any CPU.ActiveCfg = Release
		{112F3603-31F8-4518-8E8E-FE3ABE257E90}.Release|Any CPU.Build.0 = Release
		{112F3603-31F8-4518-8E8E-FE3ABE257E90}.Release|Mixed Platforms.ActiveCfg = Release
		{112F3603-31F8-4518-8E8E-FE3ABE257E90}.Release|Mixed Platforms.Build.0 = Release
		{112F3603-31F8-4518-8E8E-FE3ABE257E90}.Release|Win32.ActiveCfg = Release
		{112F3603-31F8-4518-8E8E-FE3ABE257E90}.Release|Win32.Build.0 = Release
		{112F3603-31F8-4518-8E8E-FE3ABE257E90}.Release|x64.ActiveCfg = Release
		{112F3603-31F8-4518-8E8E-FE3ABE257E90}.Release|x64.Build.0 = Release
		{112F3603-31F8-4518-8E8E-FE3ABE257E90}.Release|x86.ActiveCfg = Release
		{112F3603-31F8-4518-8E8E-FE3ABE257E90}.Release|x86.Build.0 = Release
		{112F3603-31F8-4518-8E8E-FE3ABE257E90}.Unicode Debug|Any CPU.ActiveCfg = Debug
		{112F3603-31F8-4518-8E8E-FE3ABE257E90}.Unicode Debug|Any CPU.Build.0 = Debug
		{112F3603-31F8-4518-8E8E-FE3ABE257E90}.Unicode Debug|Mixed Platforms.ActiveCfg = Debug
		{112F3603-31F8-4518-8E8E-FE3ABE257E90}.Unicode Debug|Mixed Platforms.Build.0 = Debug
		{112F3603-31F8-4518-8E8E-FE3ABE257E90}.Unicode Debug|Win32.ActiveCfg = Debug
		{112F3603-31F8-4518-8E8E-FE3ABE257E90}.Unicode Debug|Win32.Build.0 = Debug
		{112F3603-31F8-4518-8E8E-FE3ABE257E90}.Unicode Debug|x64.ActiveCfg = Debug
		{112F3603-31F8-4518-8E8E-FE3ABE257E90}.Unicode Debug|x64.Build.0 = Debug
		{112F3603-31F8-4518-8E8E-FE3ABE257E90}.Unicode Debug|x86.ActiveCfg = Debug
		{112F3603-31F8-4518-8E8E-FE3ABE257E90}.Unicode Debug|x86.Build.0 = Debug
		{112F3603-31F8-4518-8E8E-FE3ABE257E90}.Unicode Release MinDependency|Any CPU.ActiveCfg = Release
		{112F3603-31F8-4518-8E8E-FE3ABE257E90}.Unicode Release MinDependency|Any CPU.Build.0 = Release
		{112F3603-31F8-4518-8E8E-FE3ABE257E90}.Unicode Release MinDependency|Mixed Platforms.ActiveCfg = Release
		{112F3603-31F8-4518-8E8E-FE3ABE257E90}.Unicode Release MinDependency|Mixed Platforms.Build.0 = Release
		{112F3603-31F8-4518-8E8E-FE3ABE257E90}.Unicode Release MinDependency|Win32.ActiveCfg = Release
		{112F3603-31F8-4518-8E8E-FE3ABE257E90}.Unicode Release MinDependency|Win32.Build.0 = Release
		{112F3603-31F8-4518-8E8E-FE3ABE257E90}.Unicode Release MinDependency|x64.ActiveCfg = Release
		{112F3603-31F8-4518-8E8E-FE3ABE257E90}.Unicode Release MinDependency|x64.Build.0 = Release
		{112F3603-31F8-4518-8E8E-FE3ABE257E90}.Unicode Release MinDependency|x86.ActiveCfg = Release
		{112F3603-31F8-4518-8E8E-FE3ABE257E90}.Unicode Release MinDependency|x86.Build.0 = Release
		{112F3603-31F8-4518-8E8E-FE3ABE257E90}.Unicode Release MinSize|Any CPU.ActiveCfg = Release
		{112F3603-31F8-4518-8E8E-FE3ABE257E90}.Unicode Release MinSize|Any CPU.Build.0 = Release
		{112F3603-31F8-4518-8E8E-FE3ABE257E90}.Unicode Release MinSize|Mixed Platforms.ActiveCfg = Release
		{112F3603-31F8-4518-8E8E-FE3ABE257E90}.Unicode Release MinSize|Mixed Platforms.Build.0 = Release
		{112F3603-31F8-4518-8E8E-FE3ABE257E90}.Unicode Release MinSize|Win32.ActiveCfg = Release
		{112F3603-31F8-4518-8E8E-FE3ABE257E90}.Unicode Release MinSize|Win32.Build.0 = Release
		{112F3603-31F8-4518-8E8E-FE3ABE257E90}.Unicode Release MinSize|x64.ActiveCfg = Release
		{112F3603-31F8-4518-8E8E-FE3ABE257E90}.Unicode Release MinSize|x64.Build.0 = Release
		{112F3603-31F8-4518-8E8E-FE3ABE257E90}.Unicode Release MinSize|x86.ActiveCfg = Release
		{112F3603-31F8-4518-8E8E-FE3ABE257E90}.Unicode Release MinSize|x86.Build.0 = Release
		{B363A468-1D04-43DC-AD92-4C2D9B51C1B9}.Debug|Any CPU.ActiveCfg = Debug|Any CPU
		{B363A468-1D04-43DC-AD92-4C2D9B51C1B9}.Debug|Any CPU.Build.0 = Debug|Any CPU
		{B363A468-1D04-43DC-AD92-4C2D9B51C1B9}.Debug|Mixed Platforms.ActiveCfg = Debug|Any CPU
		{B363A468-1D04-43DC-AD92-4C2D9B51C1B9}.Debug|Mixed Platforms.Build.0 = Debug|Any CPU
		{B363A468-1D04-43DC-AD92-4C2D9B51C1B9}.Debug|Win32.ActiveCfg = Debug|Any CPU
		{B363A468-1D04-43DC-AD92-4C2D9B51C1B9}.Debug|x64.ActiveCfg = Debug|Any CPU
		{B363A468-1D04-43DC-AD92-4C2D9B51C1B9}.Debug|x86.ActiveCfg = Debug|Any CPU
		{B363A468-1D04-43DC-AD92-4C2D9B51C1B9}.Release MinDependency|Any CPU.ActiveCfg = Release|Any CPU
		{B363A468-1D04-43DC-AD92-4C2D9B51C1B9}.Release MinDependency|Any CPU.Build.0 = Release|Any CPU
		{B363A468-1D04-43DC-AD92-4C2D9B51C1B9}.Release MinDependency|Mixed Platforms.ActiveCfg = Release|Any CPU
		{B363A468-1D04-43DC-AD92-4C2D9B51C1B9}.Release MinDependency|Mixed Platforms.Build.0 = Release|Any CPU
		{B363A468-1D04-43DC-AD92-4C2D9B51C1B9}.Release MinDependency|Win32.ActiveCfg = Release|Any CPU
		{B363A468-1D04-43DC-AD92-4C2D9B51C1B9}.Release MinDependency|x64.ActiveCfg = Release|Any CPU
		{B363A468-1D04-43DC-AD92-4C2D9B51C1B9}.Release MinDependency|x86.ActiveCfg = Release|Any CPU
		{B363A468-1D04-43DC-AD92-4C2D9B51C1B9}.Release MinSize|Any CPU.ActiveCfg = Release|Any CPU
		{B363A468-1D04-43DC-AD92-4C2D9B51C1B9}.Release MinSize|Any CPU.Build.0 = Release|Any CPU
		{B363A468-1D04-43DC-AD92-4C2D9B51C1B9}.Release MinSize|Mixed Platforms.ActiveCfg = Release|Any CPU
		{B363A468-1D04-43DC-AD92-4C2D9B51C1B9}.Release MinSize|Mixed Platforms.Build.0 = Release|Any CPU
		{B363A468-1D04-43DC-AD92-4C2D9B51C1B9}.Release MinSize|Win32.ActiveCfg = Release|Any CPU
		{B363A468-1D04-43DC-AD92-4C2D9B51C1B9}.Release MinSize|x64.ActiveCfg = Release|Any CPU
		{B363A468-1D04-43DC-AD92-4C2D9B51C1B9}.Release MinSize|x86.ActiveCfg = Release|Any CPU
		{B363A468-1D04-43DC-AD92-4C2D9B51C1B9}.Release|Any CPU.ActiveCfg = Release|Any CPU
		{B363A468-1D04-43DC-AD92-4C2D9B51C1B9}.Release|Any CPU.Build.0 = Release|Any CPU
		{B363A468-1D04-43DC-AD92-4C2D9B51C1B9}.Release|Mixed Platforms.ActiveCfg = Release|Any CPU
		{B363A468-1D04-43DC-AD92-4C2D9B51C1B9}.Release|Mixed Platforms.Build.0 = Release|Any CPU
		{B363A468-1D04-43DC-AD92-4C2D9B51C1B9}.Release|Win32.ActiveCfg = Release|Any CPU
		{B363A468-1D04-43DC-AD92-4C2D9B51C1B9}.Release|x64.ActiveCfg = Release|Any CPU
		{B363A468-1D04-43DC-AD92-4C2D9B51C1B9}.Release|x86.ActiveCfg = Release|Any CPU
		{B363A468-1D04-43DC-AD92-4C2D9B51C1B9}.Unicode Debug|Any CPU.ActiveCfg = Debug|Any CPU
		{B363A468-1D04-43DC-AD92-4C2D9B51C1B9}.Unicode Debug|Any CPU.Build.0 = Debug|Any CPU
		{B363A468-1D04-43DC-AD92-4C2D9B51C1B9}.Unicode Debug|Mixed Platforms.ActiveCfg = Debug|Any CPU
		{B363A468-1D04-43DC-AD92-4C2D9B51C1B9}.Unicode Debug|Mixed Platforms.Build.0 = Debug|Any CPU
		{B363A468-1D04-43DC-AD92-4C2D9B51C1B9}.Unicode Debug|Win32.ActiveCfg = Debug|Any CPU
		{B363A468-1D04-43DC-AD92-4C2D9B51C1B9}.Unicode Debug|x64.ActiveCfg = Debug|Any CPU
		{B363A468-1D04-43DC-AD92-4C2D9B51C1B9}.Unicode Debug|x86.ActiveCfg = Debug|Any CPU
		{B363A468-1D04-43DC-AD92-4C2D9B51C1B9}.Unicode Release MinDependency|Any CPU.ActiveCfg = Release|Any CPU
		{B363A468-1D04-43DC-AD92-4C2D9B51C1B9}.Unicode Release MinDependency|Any CPU.Build.0 = Release|Any CPU
		{B363A468-1D04-43DC-AD92-4C2D9B51C1B9}.Unicode Release MinDependency|Mixed Platforms.ActiveCfg = Release|Any CPU
		{B363A468-1D04-43DC-AD92-4C2D9B51C1B9}.Unicode Release MinDependency|Mixed Platforms.Build.0 = Release|Any CPU
		{B363A468-1D04-43DC-AD92-4C2D9B51C1B9}.Unicode Release MinDependency|Win32.ActiveCfg = Release|Any CPU
		{B363A468-1D04-43DC-AD92-4C2D9B51C1B9}.Unicode Release MinDependency|x64.ActiveCfg = Release|Any CPU
		{B363A468-1D04-43DC-AD92-4C2D9B51C1B9}.Unicode Release MinDependency|x86.ActiveCfg = Release|Any CPU
		{B363A468-1D04-43DC-AD92-4C2D9B51C1B9}.Unicode Release MinSize|Any CPU.ActiveCfg = Release|Any CPU
		{B363A468-1D04-43DC-AD92-4C2D9B51C1B9}.Unicode Release MinSize|Any CPU.Build.0 = Release|Any CPU
		{B363A468-1D04-43DC-AD92-4C2D9B51C1B9}.Unicode Release MinSize|Mixed Platforms.ActiveCfg = Release|Any CPU
		{B363A468-1D04-43DC-AD92-4C2D9B51C1B9}.Unicode Release MinSize|Mixed Platforms.Build.0 = Release|Any CPU
		{B363A468-1D04-43DC-AD92-4C2D9B51C1B9}.Unicode Release MinSize|Win32.ActiveCfg = Release|Any CPU
		{B363A468-1D04-43DC-AD92-4C2D9B51C1B9}.Unicode Release MinSize|x64.ActiveCfg = Release|Any CPU
		{B363A468-1D04-43DC-AD92-4C2D9B51C1B9}.Unicode Release MinSize|x86.ActiveCfg = Release|Any CPU
		{23AD3134-099B-4C47-9FF1-992A42763A3E}.Debug|Any CPU.ActiveCfg = Debug|Any CPU
		{23AD3134-099B-4C47-9FF1-992A42763A3E}.Debug|Any CPU.Build.0 = Debug|Any CPU
		{23AD3134-099B-4C47-9FF1-992A42763A3E}.Debug|Mixed Platforms.ActiveCfg = Debug|Any CPU
		{23AD3134-099B-4C47-9FF1-992A42763A3E}.Debug|Mixed Platforms.Build.0 = Debug|Any CPU
		{23AD3134-099B-4C47-9FF1-992A42763A3E}.Debug|Win32.ActiveCfg = Debug|Any CPU
		{23AD3134-099B-4C47-9FF1-992A42763A3E}.Debug|x64.ActiveCfg = Debug|Any CPU
		{23AD3134-099B-4C47-9FF1-992A42763A3E}.Debug|x86.ActiveCfg = Debug|Any CPU
		{23AD3134-099B-4C47-9FF1-992A42763A3E}.Release MinDependency|Any CPU.ActiveCfg = Release|Any CPU
		{23AD3134-099B-4C47-9FF1-992A42763A3E}.Release MinDependency|Any CPU.Build.0 = Release|Any CPU
		{23AD3134-099B-4C47-9FF1-992A42763A3E}.Release MinDependency|Mixed Platforms.ActiveCfg = Release|Any CPU
		{23AD3134-099B-4C47-9FF1-992A42763A3E}.Release MinDependency|Mixed Platforms.Build.0 = Release|Any CPU
		{23AD3134-099B-4C47-9FF1-992A42763A3E}.Release MinDependency|Win32.ActiveCfg = Release|Any CPU
		{23AD3134-099B-4C47-9FF1-992A42763A3E}.Release MinDependency|x64.ActiveCfg = Release|Any CPU
		{23AD3134-099B-4C47-9FF1-992A42763A3E}.Release MinDependency|x86.ActiveCfg = Release|Any CPU
		{23AD3134-099B-4C47-9FF1-992A42763A3E}.Release MinSize|Any CPU.ActiveCfg = Release|Any CPU
		{23AD3134-099B-4C47-9FF1-992A42763A3E}.Release MinSize|Any CPU.Build.0 = Release|Any CPU
		{23AD3134-099B-4C47-9FF1-992A42763A3E}.Release MinSize|Mixed Platforms.ActiveCfg = Release|Any CPU
		{23AD3134-099B-4C47-9FF1-992A42763A3E}.Release MinSize|Mixed Platforms.Build.0 = Release|Any CPU
		{23AD3134-099B-4C47-9FF1-992A42763A3E}.Release MinSize|Win32.ActiveCfg = Release|Any CPU
		{23AD3134-099B-4C47-9FF1-992A42763A3E}.Release MinSize|x64.ActiveCfg = Release|Any CPU
		{23AD3134-099B-4C47-9FF1-992A42763A3E}.Release MinSize|x86.ActiveCfg = Release|Any CPU
		{23AD3134-099B-4C47-9FF1-992A42763A3E}.Release|Any CPU.ActiveCfg = Release|Any CPU
		{23AD3134-099B-4C47-9FF1-992A42763A3E}.Release|Any CPU.Build.0 = Release|Any CPU
		{23AD3134-099B-4C47-9FF1-992A42763A3E}.Release|Mixed Platforms.ActiveCfg = Release|Any CPU
		{23AD3134-099B-4C47-9FF1-992A42763A3E}.Release|Mixed Platforms.Build.0 = Release|Any CPU
		{23AD3134-099B-4C47-9FF1-992A42763A3E}.Release|Win32.ActiveCfg = Release|Any CPU
		{23AD3134-099B-4C47-9FF1-992A42763A3E}.Release|x64.ActiveCfg = Release|Any CPU
		{23AD3134-099B-4C47-9FF1-992A42763A3E}.Release|x86.ActiveCfg = Release|Any CPU
		{23AD3134-099B-4C47-9FF1-992A42763A3E}.Unicode Debug|Any CPU.ActiveCfg = Debug|Any CPU
		{23AD3134-099B-4C47-9FF1-992A42763A3E}.Unicode Debug|Any CPU.Build.0 = Debug|Any CPU
		{23AD3134-099B-4C47-9FF1-992A42763A3E}.Unicode Debug|Mixed Platforms.ActiveCfg = Debug|Any CPU
		{23AD3134-099B-4C47-9FF1-992A42763A3E}.Unicode Debug|Mixed Platforms.Build.0 = Debug|Any CPU
		{23AD3134-099B-4C47-9FF1-992A42763A3E}.Unicode Debug|Win32.ActiveCfg = Debug|Any CPU
		{23AD3134-099B-4C47-9FF1-992A42763A3E}.Unicode Debug|x64.ActiveCfg = Debug|Any CPU
		{23AD3134-099B-4C47-9FF1-992A42763A3E}.Unicode Debug|x86.ActiveCfg = Debug|Any CPU
		{23AD3134-099B-4C47-9FF1-992A42763A3E}.Unicode Release MinDependency|Any CPU.ActiveCfg = Release|Any CPU
		{23AD3134-099B-4C47-9FF1-992A42763A3E}.Unicode Release MinDependency|Any CPU.Build.0 = Release|Any CPU
		{23AD3134-099B-4C47-9FF1-992A42763A3E}.Unicode Release MinDependency|Mixed Platforms.ActiveCfg = Release|Any CPU
		{23AD3134-099B-4C47-9FF1-992A42763A3E}.Unicode Release MinDependency|Mixed Platforms.Build.0 = Release|Any CPU
		{23AD3134-099B-4C47-9FF1-992A42763A3E}.Unicode Release MinDependency|Win32.ActiveCfg = Release|Any CPU
		{23AD3134-099B-4C47-9FF1-992A42763A3E}.Unicode Release MinDependency|x64.ActiveCfg = Release|Any CPU
		{23AD3134-099B-4C47-9FF1-992A42763A3E}.Unicode Release MinDependency|x86.ActiveCfg = Release|Any CPU
		{23AD3134-099B-4C47-9FF1-992A42763A3E}.Unicode Release MinSize|Any CPU.ActiveCfg = Release|Any CPU
		{23AD3134-099B-4C47-9FF1-992A42763A3E}.Unicode Release MinSize|Any CPU.Build.0 = Release|Any CPU
		{23AD3134-099B-4C47-9FF1-992A42763A3E}.Unicode Release MinSize|Mixed Platforms.ActiveCfg = Release|Any CPU
		{23AD3134-099B-4C47-9FF1-992A42763A3E}.Unicode Release MinSize|Mixed Platforms.Build.0 = Release|Any CPU
		{23AD3134-099B-4C47-9FF1-992A42763A3E}.Unicode Release MinSize|Win32.ActiveCfg = Release|Any CPU
		{23AD3134-099B-4C47-9FF1-992A42763A3E}.Unicode Release MinSize|x64.ActiveCfg = Release|Any CPU
		{23AD3134-099B-4C47-9FF1-992A42763A3E}.Unicode Release MinSize|x86.ActiveCfg = Release|Any CPU
	EndGlobalSection
	GlobalSection(SolutionProperties) = preSolution
		HideSolutionNode = FALSE
	EndGlobalSection
EndGlobal
