<?xml version="1.0" encoding="utf-8"?>
<Project ToolsVersion="4.0" xmlns="http://schemas.microsoft.com/developer/msbuild/2003">
  <ItemGroup>
    <Filter Include="Source Files">
      <UniqueIdentifier>{4FC737F1-C7A5-4376-A066-2A32D752A2FF}</UniqueIdentifier>
      <Extensions>cpp;c;cc;cxx;def;odl;idl;hpj;bat;asm;asmx</Extensions>
    </Filter>
    <Filter Include="Header Files">
      <UniqueIdentifier>{93995380-89BD-4b04-88EB-625FBE52EBFB}</UniqueIdentifier>
      <Extensions>h;hpp;hxx;hm;inl;inc;xsd</Extensions>
    </Filter>
    <Filter Include="Resource Files">
      <UniqueIdentifier>{67DA6AB6-F800-4c08-8B7A-83BB121AAD01}</UniqueIdentifier>
      <Extensions>rc;ico;cur;bmp;dlg;rc2;rct;bin;rgs;gif;jpg;jpeg;jpe;resx;tiff;tif;png;wav;mfcribbon-ms</Extensions>
    </Filter>
    <Filter Include="Generated Files">
      <UniqueIdentifier>{a7e1833a-ef5a-4e7a-b9fc-37cbf1f59f97}</UniqueIdentifier>
      <SourceControlFiles>False</SourceControlFiles>
    </Filter>
  </ItemGroup>
  <ItemGroup>
    <ClCompile Include="stdafx.cpp">
      <Filter>Source Files</Filter>
    </ClCompile>
    <ClCompile Include="ASPUtils.cpp">
      <Filter>Source Files</Filter>
    </ClCompile>
    <ClCompile Include="dllmain.cpp">
      <Filter>Source Files</Filter>
    </ClCompile>
    <ClCompile Include="Cache.cpp">
      <Filter>Source Files</Filter>
    </ClCompile>
    <ClCompile Include="ASPUtils_i.c">
      <Filter>Generated Files</Filter>
    </ClCompile>
    <ClCompile Include="HashMap.cpp">
      <Filter>Source Files</Filter>
    </ClCompile>
    <ClCompile Include="InProcSessionStore.cpp">
      <Filter>Source Files</Filter>
    </ClCompile>
    <ClCompile Include="PageHandler.cpp">
      <Filter>Source Files</Filter>
    </ClCompile>
    <ClCompile Include="ASPContext.cpp">
      <Filter>Source Files</Filter>
    </ClCompile>
    <ClCompile Include="CustomSession.cpp">
      <Filter>Source Files</Filter>
    </ClCompile>
    <ClCompile Include="SessionManager.cpp">
      <Filter>Source Files</Filter>
    </ClCompile>
    <ClCompile Include="VariantDictionary.cpp">
      <Filter>Source Files</Filter>
    </ClCompile>
    <ClCompile Include="MemcachedSessionStore.cpp">
      <Filter>Source Files</Filter>
    </ClCompile>
  </ItemGroup>
  <ItemGroup>
    <ClInclude Include="stdafx.h">
      <Filter>Header Files</Filter>
    </ClInclude>
    <ClInclude Include="targetver.h">
      <Filter>Header Files</Filter>
    </ClInclude>
    <ClInclude Include="dllmain.h">
      <Filter>Header Files</Filter>
    </ClInclude>
    <ClInclude Include="ASPUtils_i.h">
      <Filter>Generated Files</Filter>
    </ClInclude>
    <ClInclude Include="Cache.h">
      <Filter>Header Files</Filter>
    </ClInclude>
    <ClInclude Include="perf.h">
      <Filter>Header Files</Filter>
    </ClInclude>
    <ClInclude Include="resource.h">
      <Filter>Header Files</Filter>
    </ClInclude>
    <ClInclude Include="HashMap.h">
      <Filter>Header Files</Filter>
    </ClInclude>
    <ClInclude Include="variant.h">
      <Filter>Header Files</Filter>
    </ClInclude>
    <ClInclude Include="ASPUtilsCP.h">
      <Filter>Header Files</Filter>
    </ClInclude>
    <ClInclude Include="InProcSessionStore.h">
      <Filter>Header Files</Filter>
    </ClInclude>
    <ClInclude Include="PageHandler.h">
      <Filter>Header Files</Filter>
    </ClInclude>
    <ClInclude Include="Persist.h">
      <Filter>Header Files</Filter>
    </ClInclude>
    <ClInclude Include="ASPContext.h">
      <Filter>Header Files</Filter>
    </ClInclude>
    <ClInclude Include="CustomSession.h">
      <Filter>Header Files</Filter>
    </ClInclude>
    <ClInclude Include="SessionManager.h">
      <Filter>Header Files</Filter>
    </ClInclude>
    <ClInclude Include="VariantDictionary.h">
      <Filter>Header Files</Filter>
    </ClInclude>
    <ClInclude Include="VariantDictionaryDef.h">
      <Filter>Header Files</Filter>
    </ClInclude>
    <ClInclude Include="VariantDictionaryPersist.h">
      <Filter>Header Files</Filter>
    </ClInclude>
    <ClInclude Include="MemcachedSessionStore.h">
      <Filter>Header Files</Filter>
    </ClInclude>
    <ClInclude Include="SessionStore.h">
      <Filter>Header Files</Filter>
    </ClInclude>
  </ItemGroup>
  <ItemGroup>
    <ResourceCompile Include="ASPUtils.rc">
      <Filter>Resource Files</Filter>
    </ResourceCompile>
    <ResourceCompile Include="perf.rc">
      <Filter>Resource Files</Filter>
    </ResourceCompile>
  </ItemGroup>
  <ItemGroup>
    <None Include="ReadMe.txt" />
    <None Include="ASPUtils.rgs">
      <Filter>Resource Files</Filter>
    </None>
    <None Include="ASPUtils.def">
      <Filter>Source Files</Filter>
    </None>
    <None Include="Cache.rgs">
      <Filter>Resource Files</Filter>
    </None>
    <None Include="perf.man" />
    <None Include="perf_install.bat">
      <Filter>Source Files</Filter>
    </None>
    <None Include="HashMap.rgs">
      <Filter>Resource Files</Filter>
    </None>
    <None Include="CustomSession.rgs">
      <Filter>Resource Files</Filter>
    </None>
    <None Include="InProcSessionStore.rgs">
      <Filter>Resource Files</Filter>
    </None>
    <None Include="MemcachedSessionStore.rgs">
      <Filter>Resource Files</Filter>
    </None>
    <None Include="SessionManager.rgs">
      <Filter>Resource Files</Filter>
    </None>
    <None Include="VariantDictionary.rgs">
      <Filter>Resource Files</Filter>
    </None>
    <None Include="PageHandler.rgs">
      <Filter>Resource Files</Filter>
    </None>
  </ItemGroup>
  <ItemGroup>
    <Midl Include="ASPUtils.idl">
      <Filter>Source Files</Filter>
    </Midl>
  </ItemGroup>
</Project>